
Microsoft Visual Studio Solution File, Format Version 12.00
# Visual Studio Version 17
VisualStudioVersion = 17.5.33502.453
MinimumVisualStudioVersion = 10.0.40219.1
Project("{9A19103F-16F7-4668-BE54-9A1E7A4F7556}") = "WebApi", "WebApi\WebApi.csproj", "{A3FAB213-EA31-4B17-96D3-E00515991972}"
EndProject
Project("{9A19103F-16F7-4668-BE54-9A1E7A4F7556}") = "AppCore", "AppCore\AppCore.csproj", "{EDCBD386-5E8E-4F8D-8F7C-D387F30F8FD7}"
EndProject
Project("{9A19103F-16F7-4668-BE54-9A1E7A4F7556}") = "Infrastructure", "Infrastructure\Infrastructure.csproj", "{181542A0-7A10-4826-AEAD-DA2DFFB64299}"
EndProject
Project("{9A19103F-16F7-4668-BE54-9A1E7A4F7556}") = "UnitTest", "UnitTest\UnitTest.csproj", "{BADECB2F-FF4B-40CB-B0DD-05C9477DE213}"
EndProject
Project("{9A19103F-16F7-4668-BE54-9A1E7A4F7556}") = "IntegrationTest", "IntegrationTest\IntegrationTest.csproj", "{F933D511-7D24-4384-A410-C4157A349A2F}"
EndProject
Project("{FAE04EC0-301F-11D3-BF4B-00C04F79EFBC}") = "FakeData", "FakeData\FakeData.csproj", "{144A23A0-C26A-4980-AD57-815957128466}"
EndProject
Global
	GlobalSection(SolutionConfigurationPlatforms) = preSolution
		Debug|Any CPU = Debug|Any CPU
		Release|Any CPU = Release|Any CPU
	EndGlobalSection
	GlobalSection(ProjectConfigurationPlatforms) = postSolution
		{A3FAB213-EA31-4B17-96D3-E00515991972}.Debug|Any CPU.ActiveCfg = Debug|Any CPU
		{A3FAB213-EA31-4B17-96D3-E00515991972}.Debug|Any CPU.Build.0 = Debug|Any CPU
		{A3FAB213-EA31-4B17-96D3-E00515991972}.Release|Any CPU.ActiveCfg = Release|Any CPU
		{A3FAB213-EA31-4B17-96D3-E00515991972}.Release|Any CPU.Build.0 = Release|Any CPU
		{EDCBD386-5E8E-4F8D-8F7C-D387F30F8FD7}.Debug|Any CPU.ActiveCfg = Debug|Any CPU
		{EDCBD386-5E8E-4F8D-8F7C-D387F30F8FD7}.Debug|Any CPU.Build.0 = Debug|Any CPU
		{EDCBD386-5E8E-4F8D-8F7C-D387F30F8FD7}.Release|Any CPU.ActiveCfg = Release|Any CPU
		{EDCBD386-5E8E-4F8D-8F7C-D387F30F8FD7}.Release|Any CPU.Build.0 = Release|Any CPU
		{181542A0-7A10-4826-AEAD-DA2DFFB64299}.Debug|Any CPU.ActiveCfg = Debug|Any CPU
		{181542A0-7A10-4826-AEAD-DA2DFFB64299}.Debug|Any CPU.Build.0 = Debug|Any CPU
		{181542A0-7A10-4826-AEAD-DA2DFFB64299}.Release|Any CPU.ActiveCfg = Release|Any CPU
		{181542A0-7A10-4826-AEAD-DA2DFFB64299}.Release|Any CPU.Build.0 = Release|Any CPU
		{BADECB2F-FF4B-40CB-B0DD-05C9477DE213}.Debug|Any CPU.ActiveCfg = Debug|Any CPU
		{BADECB2F-FF4B-40CB-B0DD-05C9477DE213}.Debug|Any CPU.Build.0 = Debug|Any CPU
		{BADECB2F-FF4B-40CB-B0DD-05C9477DE213}.Release|Any CPU.ActiveCfg = Release|Any CPU
		{BADECB2F-FF4B-40CB-B0DD-05C9477DE213}.Release|Any CPU.Build.0 = Release|Any CPU
		{F933D511-7D24-4384-A410-C4157A349A2F}.Debug|Any CPU.ActiveCfg = Debug|Any CPU
		{F933D511-7D24-4384-A410-C4157A349A2F}.Debug|Any CPU.Build.0 = Debug|Any CPU
		{F933D511-7D24-4384-A410-C4157A349A2F}.Release|Any CPU.ActiveCfg = Release|Any CPU
		{F933D511-7D24-4384-A410-C4157A349A2F}.Release|Any CPU.Build.0 = Release|Any CPU
		{144A23A0-C26A-4980-AD57-815957128466}.Debug|Any CPU.ActiveCfg = Debug|Any CPU
		{144A23A0-C26A-4980-AD57-815957128466}.Debug|Any CPU.Build.0 = Debug|Any CPU
		{144A23A0-C26A-4980-AD57-815957128466}.Release|Any CPU.ActiveCfg = Release|Any CPU
		{144A23A0-C26A-4980-AD57-815957128466}.Release|Any CPU.Build.0 = Release|Any CPU
	EndGlobalSection
	GlobalSection(SolutionProperties) = preSolution
		HideSolutionNode = FALSE
	EndGlobalSection
	GlobalSection(ExtensibilityGlobals) = postSolution
		SolutionGuid = {EC4F3696-06B0-425F-95CF-5161152FFDC0}
	EndGlobalSection
EndGlobal
